{
  "object": {
    "pins": [
      {
        "package": "SwiftyAtlassian",
        "repositoryURL": "https://github.com/bigwaveclub/SwiftyAtlassian.git",
        "state": {
          "branch": "master",
          "revision": "4cc9fa367b26a05e57d81c7988690caabd6c107e",
          "version": null
        }
      }
    ]
  },
  "version": 1
}
