{
  "object": {
    "pins": [
      {
        "package": "SwiftyAtlassian",
        "repositoryURL": "https://github.com/bigwaveclub/SwiftyAtlassian.git",
        "state": {
          "branch": "master",
          "revision": "1ececfac25d6000ae054382296ce08c13a9dd6e3",
          "version": null
        }
      }
    ]
  },
  "version": 1
}
