{
  "object": {
    "pins": [
      {
        "package": "SwiftyAtlassian",
        "repositoryURL": "https://github.com/bigwaveclub/SwiftyAtlassian.git",
        "state": {
          "branch": "master",
          "revision": "ddd790f245a1f6da96a6b5b31f91a829a1a3b8f2",
          "version": null
        }
      }
    ]
  },
  "version": 1
}
